{
  "name": "video_filters",
  "version": "0.1.0",
  "lockfileVersion": 3,
  "requires": true,
  "packages": {
    "": {
      "name": "video_filters",
      "version": "0.1.0",
      "dependencies": {
        "video_filters": "file:"
      }
    },
    "node_modules/video_filters": {
      "resolved": "",
      "link": true
    }
  }
}
